
Microsoft Visual Studio Solution File, Format Version 12.00
# Visual Studio 15
VisualStudioVersion = 15.0.28307.489
MinimumVisualStudioVersion = 10.0.40219.1
Project("{8BC9CEB8-8B4A-11D0-8D11-00A0C91BC942}") = "ffmpeg", "ffmpeg\ffmpeg.vcxproj", "{7A36D7A1-9762-40A6-8728-56C8F7642772}"
	ProjectSection(ProjectDependencies) = postProject
		{0AB3E341-BCCE-4922-AE13-24B7E40AD3E1} = {0AB3E341-BCCE-4922-AE13-24B7E40AD3E1}
		{03352955-012C-4E3A-82A0-6F5EC8E6DF89} = {03352955-012C-4E3A-82A0-6F5EC8E6DF89}
		{69EB8A59-E749-4ACB-A4A4-26BA5337E9A5} = {69EB8A59-E749-4ACB-A4A4-26BA5337E9A5}
		{146D0469-6523-4E04-BAE2-2F107D5CFDC3} = {146D0469-6523-4E04-BAE2-2F107D5CFDC3}
		{1D51EA70-4838-4E15-AFEC-8D1F27F7D304} = {1D51EA70-4838-4E15-AFEC-8D1F27F7D304}
		{99C3F981-5962-417A-AFCC-31348FD9DF0E} = {99C3F981-5962-417A-AFCC-31348FD9DF0E}
		{ECDFC9C1-3F72-4E47-A013-91454FB57BA1} = {ECDFC9C1-3F72-4E47-A013-91454FB57BA1}
		{AB2499C8-EB40-4038-B19A-CB9FE22C646E} = {AB2499C8-EB40-4038-B19A-CB9FE22C646E}
		{AAF58DCC-BDF3-472A-A7E7-29DD50941FB7} = {AAF58DCC-BDF3-472A-A7E7-29DD50941FB7}
	EndProjectSection
EndProject
Project("{8BC9CEB8-8B4A-11D0-8D11-00A0C91BC942}") = "libswscale", "libswscale\libswscale.vcxproj", "{99C3F981-5962-417A-AFCC-31348FD9DF0E}"
	ProjectSection(ProjectDependencies) = postProject
		{03352955-012C-4E3A-82A0-6F5EC8E6DF89} = {03352955-012C-4E3A-82A0-6F5EC8E6DF89}
	EndProjectSection
EndProject
Project("{8BC9CEB8-8B4A-11D0-8D11-00A0C91BC942}") = "libavutil", "libavutil\libavutil.vcxproj", "{03352955-012C-4E3A-82A0-6F5EC8E6DF89}"
EndProject
Project("{8BC9CEB8-8B4A-11D0-8D11-00A0C91BC942}") = "libswresample", "libswresample\libswresample.vcxproj", "{AAF58DCC-BDF3-472A-A7E7-29DD50941FB7}"
	ProjectSection(ProjectDependencies) = postProject
		{03352955-012C-4E3A-82A0-6F5EC8E6DF89} = {03352955-012C-4E3A-82A0-6F5EC8E6DF89}
	EndProjectSection
EndProject
Project("{8BC9CEB8-8B4A-11D0-8D11-00A0C91BC942}") = "libavcodec", "libavcodec\libavcodec.vcxproj", "{ECDFC9C1-3F72-4E47-A013-91454FB57BA1}"
	ProjectSection(ProjectDependencies) = postProject
		{03352955-012C-4E3A-82A0-6F5EC8E6DF89} = {03352955-012C-4E3A-82A0-6F5EC8E6DF89}
		{AB2499C8-EB40-4038-B19A-CB9FE22C646E} = {AB2499C8-EB40-4038-B19A-CB9FE22C646E}
	EndProjectSection
EndProject
Project("{8BC9CEB8-8B4A-11D0-8D11-00A0C91BC942}") = "libavformat", "libavformat\libavformat.vcxproj", "{0AB3E341-BCCE-4922-AE13-24B7E40AD3E1}"
	ProjectSection(ProjectDependencies) = postProject
		{03352955-012C-4E3A-82A0-6F5EC8E6DF89} = {03352955-012C-4E3A-82A0-6F5EC8E6DF89}
		{ECDFC9C1-3F72-4E47-A013-91454FB57BA1} = {ECDFC9C1-3F72-4E47-A013-91454FB57BA1}
		{AB2499C8-EB40-4038-B19A-CB9FE22C646E} = {AB2499C8-EB40-4038-B19A-CB9FE22C646E}
	EndProjectSection
EndProject
Project("{8BC9CEB8-8B4A-11D0-8D11-00A0C91BC942}") = "libavfilter", "libavfilter\libavfilter.vcxproj", "{146D0469-6523-4E04-BAE2-2F107D5CFDC3}"
	ProjectSection(ProjectDependencies) = postProject
		{0AB3E341-BCCE-4922-AE13-24B7E40AD3E1} = {0AB3E341-BCCE-4922-AE13-24B7E40AD3E1}
		{03352955-012C-4E3A-82A0-6F5EC8E6DF89} = {03352955-012C-4E3A-82A0-6F5EC8E6DF89}
		{99C3F981-5962-417A-AFCC-31348FD9DF0E} = {99C3F981-5962-417A-AFCC-31348FD9DF0E}
		{ECDFC9C1-3F72-4E47-A013-91454FB57BA1} = {ECDFC9C1-3F72-4E47-A013-91454FB57BA1}
		{AAF58DCC-BDF3-472A-A7E7-29DD50941FB7} = {AAF58DCC-BDF3-472A-A7E7-29DD50941FB7}
	EndProjectSection
EndProject
Project("{8BC9CEB8-8B4A-11D0-8D11-00A0C91BC942}") = "libavdevice", "libavdevice\libavdevice.vcxproj", "{1D51EA70-4838-4E15-AFEC-8D1F27F7D304}"
	ProjectSection(ProjectDependencies) = postProject
		{0AB3E341-BCCE-4922-AE13-24B7E40AD3E1} = {0AB3E341-BCCE-4922-AE13-24B7E40AD3E1}
		{03352955-012C-4E3A-82A0-6F5EC8E6DF89} = {03352955-012C-4E3A-82A0-6F5EC8E6DF89}
		{146D0469-6523-4E04-BAE2-2F107D5CFDC3} = {146D0469-6523-4E04-BAE2-2F107D5CFDC3}
		{99C3F981-5962-417A-AFCC-31348FD9DF0E} = {99C3F981-5962-417A-AFCC-31348FD9DF0E}
		{ECDFC9C1-3F72-4E47-A013-91454FB57BA1} = {ECDFC9C1-3F72-4E47-A013-91454FB57BA1}
		{AAF58DCC-BDF3-472A-A7E7-29DD50941FB7} = {AAF58DCC-BDF3-472A-A7E7-29DD50941FB7}
	EndProjectSection
EndProject
Project("{8BC9CEB8-8B4A-11D0-8D11-00A0C91BC942}") = "libavresample", "libavresample\libavresample.vcxproj", "{AB2499C8-EB40-4038-B19A-CB9FE22C646E}"
	ProjectSection(ProjectDependencies) = postProject
		{03352955-012C-4E3A-82A0-6F5EC8E6DF89} = {03352955-012C-4E3A-82A0-6F5EC8E6DF89}
	EndProjectSection
EndProject
Project("{8BC9CEB8-8B4A-11D0-8D11-00A0C91BC942}") = "libpostproc", "libpostproc\libpostproc.vcxproj", "{69EB8A59-E749-4ACB-A4A4-26BA5337E9A5}"
	ProjectSection(ProjectDependencies) = postProject
		{03352955-012C-4E3A-82A0-6F5EC8E6DF89} = {03352955-012C-4E3A-82A0-6F5EC8E6DF89}
	EndProjectSection
EndProject
Project("{8BC9CEB8-8B4A-11D0-8D11-00A0C91BC942}") = "ffprobe", "ffprobe\ffprobe.vcxproj", "{B9362A83-3430-4C4D-9B59-10AA7C2CBBC9}"
	ProjectSection(ProjectDependencies) = postProject
		{E2042D20-49C5-4044-978E-4A3B331DAFAA} = {E2042D20-49C5-4044-978E-4A3B331DAFAA}
		{0AB3E341-BCCE-4922-AE13-24B7E40AD3E1} = {0AB3E341-BCCE-4922-AE13-24B7E40AD3E1}
		{03352955-012C-4E3A-82A0-6F5EC8E6DF89} = {03352955-012C-4E3A-82A0-6F5EC8E6DF89}
		{69EB8A59-E749-4ACB-A4A4-26BA5337E9A5} = {69EB8A59-E749-4ACB-A4A4-26BA5337E9A5}
		{146D0469-6523-4E04-BAE2-2F107D5CFDC3} = {146D0469-6523-4E04-BAE2-2F107D5CFDC3}
		{1D51EA70-4838-4E15-AFEC-8D1F27F7D304} = {1D51EA70-4838-4E15-AFEC-8D1F27F7D304}
		{99C3F981-5962-417A-AFCC-31348FD9DF0E} = {99C3F981-5962-417A-AFCC-31348FD9DF0E}
		{7A36D7A1-9762-40A6-8728-56C8F7642772} = {7A36D7A1-9762-40A6-8728-56C8F7642772}
		{ECDFC9C1-3F72-4E47-A013-91454FB57BA1} = {ECDFC9C1-3F72-4E47-A013-91454FB57BA1}
		{AB2499C8-EB40-4038-B19A-CB9FE22C646E} = {AB2499C8-EB40-4038-B19A-CB9FE22C646E}
		{AAF58DCC-BDF3-472A-A7E7-29DD50941FB7} = {AAF58DCC-BDF3-472A-A7E7-29DD50941FB7}
	EndProjectSection
EndProject
Project("{8BC9CEB8-8B4A-11D0-8D11-00A0C91BC942}") = "ffplay", "ffplay\ffplay.vcxproj", "{E2042D20-49C5-4044-978E-4A3B331DAFAA}"
	ProjectSection(ProjectDependencies) = postProject
		{0AB3E341-BCCE-4922-AE13-24B7E40AD3E1} = {0AB3E341-BCCE-4922-AE13-24B7E40AD3E1}
		{03352955-012C-4E3A-82A0-6F5EC8E6DF89} = {03352955-012C-4E3A-82A0-6F5EC8E6DF89}
		{69EB8A59-E749-4ACB-A4A4-26BA5337E9A5} = {69EB8A59-E749-4ACB-A4A4-26BA5337E9A5}
		{146D0469-6523-4E04-BAE2-2F107D5CFDC3} = {146D0469-6523-4E04-BAE2-2F107D5CFDC3}
		{1D51EA70-4838-4E15-AFEC-8D1F27F7D304} = {1D51EA70-4838-4E15-AFEC-8D1F27F7D304}
		{99C3F981-5962-417A-AFCC-31348FD9DF0E} = {99C3F981-5962-417A-AFCC-31348FD9DF0E}
		{ECDFC9C1-3F72-4E47-A013-91454FB57BA1} = {ECDFC9C1-3F72-4E47-A013-91454FB57BA1}
		{AB2499C8-EB40-4038-B19A-CB9FE22C646E} = {AB2499C8-EB40-4038-B19A-CB9FE22C646E}
		{AAF58DCC-BDF3-472A-A7E7-29DD50941FB7} = {AAF58DCC-BDF3-472A-A7E7-29DD50941FB7}
	EndProjectSection
EndProject
Global
	GlobalSection(SolutionConfigurationPlatforms) = preSolution
		Debug|x64 = Debug|x64
		Debug|x86 = Debug|x86
		Release|x64 = Release|x64
		Release|x86 = Release|x86
	EndGlobalSection
	GlobalSection(ProjectConfigurationPlatforms) = postSolution
		{7A36D7A1-9762-40A6-8728-56C8F7642772}.Debug|x64.ActiveCfg = Debug|x64
		{7A36D7A1-9762-40A6-8728-56C8F7642772}.Debug|x64.Build.0 = Debug|x64
		{7A36D7A1-9762-40A6-8728-56C8F7642772}.Debug|x86.ActiveCfg = Debug|Win32
		{7A36D7A1-9762-40A6-8728-56C8F7642772}.Debug|x86.Build.0 = Debug|Win32
		{7A36D7A1-9762-40A6-8728-56C8F7642772}.Release|x64.ActiveCfg = Release|x64
		{7A36D7A1-9762-40A6-8728-56C8F7642772}.Release|x64.Build.0 = Release|x64
		{7A36D7A1-9762-40A6-8728-56C8F7642772}.Release|x86.ActiveCfg = Release|Win32
		{7A36D7A1-9762-40A6-8728-56C8F7642772}.Release|x86.Build.0 = Release|Win32
		{99C3F981-5962-417A-AFCC-31348FD9DF0E}.Debug|x64.ActiveCfg = Debug|x64
		{99C3F981-5962-417A-AFCC-31348FD9DF0E}.Debug|x64.Build.0 = Debug|x64
		{99C3F981-5962-417A-AFCC-31348FD9DF0E}.Debug|x86.ActiveCfg = Debug|Win32
		{99C3F981-5962-417A-AFCC-31348FD9DF0E}.Debug|x86.Build.0 = Debug|Win32
		{99C3F981-5962-417A-AFCC-31348FD9DF0E}.Release|x64.ActiveCfg = Release|x64
		{99C3F981-5962-417A-AFCC-31348FD9DF0E}.Release|x64.Build.0 = Release|x64
		{99C3F981-5962-417A-AFCC-31348FD9DF0E}.Release|x86.ActiveCfg = Release|Win32
		{99C3F981-5962-417A-AFCC-31348FD9DF0E}.Release|x86.Build.0 = Release|Win32
		{03352955-012C-4E3A-82A0-6F5EC8E6DF89}.Debug|x64.ActiveCfg = Debug|x64
		{03352955-012C-4E3A-82A0-6F5EC8E6DF89}.Debug|x64.Build.0 = Debug|x64
		{03352955-012C-4E3A-82A0-6F5EC8E6DF89}.Debug|x86.ActiveCfg = Debug|Win32
		{03352955-012C-4E3A-82A0-6F5EC8E6DF89}.Debug|x86.Build.0 = Debug|Win32
		{03352955-012C-4E3A-82A0-6F5EC8E6DF89}.Release|x64.ActiveCfg = Release|x64
		{03352955-012C-4E3A-82A0-6F5EC8E6DF89}.Release|x64.Build.0 = Release|x64
		{03352955-012C-4E3A-82A0-6F5EC8E6DF89}.Release|x86.ActiveCfg = Release|Win32
		{03352955-012C-4E3A-82A0-6F5EC8E6DF89}.Release|x86.Build.0 = Release|Win32
		{AAF58DCC-BDF3-472A-A7E7-29DD50941FB7}.Debug|x64.ActiveCfg = Debug|x64
		{AAF58DCC-BDF3-472A-A7E7-29DD50941FB7}.Debug|x64.Build.0 = Debug|x64
		{AAF58DCC-BDF3-472A-A7E7-29DD50941FB7}.Debug|x86.ActiveCfg = Debug|Win32
		{AAF58DCC-BDF3-472A-A7E7-29DD50941FB7}.Debug|x86.Build.0 = Debug|Win32
		{AAF58DCC-BDF3-472A-A7E7-29DD50941FB7}.Release|x64.ActiveCfg = Release|x64
		{AAF58DCC-BDF3-472A-A7E7-29DD50941FB7}.Release|x64.Build.0 = Release|x64
		{AAF58DCC-BDF3-472A-A7E7-29DD50941FB7}.Release|x86.ActiveCfg = Release|Win32
		{AAF58DCC-BDF3-472A-A7E7-29DD50941FB7}.Release|x86.Build.0 = Release|Win32
		{ECDFC9C1-3F72-4E47-A013-91454FB57BA1}.Debug|x64.ActiveCfg = Debug|x64
		{ECDFC9C1-3F72-4E47-A013-91454FB57BA1}.Debug|x64.Build.0 = Debug|x64
		{ECDFC9C1-3F72-4E47-A013-91454FB57BA1}.Debug|x86.ActiveCfg = Debug|Win32
		{ECDFC9C1-3F72-4E47-A013-91454FB57BA1}.Debug|x86.Build.0 = Debug|Win32
		{ECDFC9C1-3F72-4E47-A013-91454FB57BA1}.Release|x64.ActiveCfg = Release|x64
		{ECDFC9C1-3F72-4E47-A013-91454FB57BA1}.Release|x64.Build.0 = Release|x64
		{ECDFC9C1-3F72-4E47-A013-91454FB57BA1}.Release|x86.ActiveCfg = Release|Win32
		{ECDFC9C1-3F72-4E47-A013-91454FB57BA1}.Release|x86.Build.0 = Release|Win32
		{0AB3E341-BCCE-4922-AE13-24B7E40AD3E1}.Debug|x64.ActiveCfg = Debug|x64
		{0AB3E341-BCCE-4922-AE13-24B7E40AD3E1}.Debug|x64.Build.0 = Debug|x64
		{0AB3E341-BCCE-4922-AE13-24B7E40AD3E1}.Debug|x86.ActiveCfg = Debug|Win32
		{0AB3E341-BCCE-4922-AE13-24B7E40AD3E1}.Debug|x86.Build.0 = Debug|Win32
		{0AB3E341-BCCE-4922-AE13-24B7E40AD3E1}.Release|x64.ActiveCfg = Release|x64
		{0AB3E341-BCCE-4922-AE13-24B7E40AD3E1}.Release|x64.Build.0 = Release|x64
		{0AB3E341-BCCE-4922-AE13-24B7E40AD3E1}.Release|x86.ActiveCfg = Release|Win32
		{0AB3E341-BCCE-4922-AE13-24B7E40AD3E1}.Release|x86.Build.0 = Release|Win32
		{146D0469-6523-4E04-BAE2-2F107D5CFDC3}.Debug|x64.ActiveCfg = Debug|x64
		{146D0469-6523-4E04-BAE2-2F107D5CFDC3}.Debug|x64.Build.0 = Debug|x64
		{146D0469-6523-4E04-BAE2-2F107D5CFDC3}.Debug|x86.ActiveCfg = Debug|Win32
		{146D0469-6523-4E04-BAE2-2F107D5CFDC3}.Debug|x86.Build.0 = Debug|Win32
		{146D0469-6523-4E04-BAE2-2F107D5CFDC3}.Release|x64.ActiveCfg = Release|x64
		{146D0469-6523-4E04-BAE2-2F107D5CFDC3}.Release|x64.Build.0 = Release|x64
		{146D0469-6523-4E04-BAE2-2F107D5CFDC3}.Release|x86.ActiveCfg = Release|Win32
		{146D0469-6523-4E04-BAE2-2F107D5CFDC3}.Release|x86.Build.0 = Release|Win32
		{1D51EA70-4838-4E15-AFEC-8D1F27F7D304}.Debug|x64.ActiveCfg = Debug|x64
		{1D51EA70-4838-4E15-AFEC-8D1F27F7D304}.Debug|x64.Build.0 = Debug|x64
		{1D51EA70-4838-4E15-AFEC-8D1F27F7D304}.Debug|x86.ActiveCfg = Debug|Win32
		{1D51EA70-4838-4E15-AFEC-8D1F27F7D304}.Debug|x86.Build.0 = Debug|Win32
		{1D51EA70-4838-4E15-AFEC-8D1F27F7D304}.Release|x64.ActiveCfg = Release|x64
		{1D51EA70-4838-4E15-AFEC-8D1F27F7D304}.Release|x64.Build.0 = Release|x64
		{1D51EA70-4838-4E15-AFEC-8D1F27F7D304}.Release|x86.ActiveCfg = Release|Win32
		{1D51EA70-4838-4E15-AFEC-8D1F27F7D304}.Release|x86.Build.0 = Release|Win32
		{AB2499C8-EB40-4038-B19A-CB9FE22C646E}.Debug|x64.ActiveCfg = Debug|x64
		{AB2499C8-EB40-4038-B19A-CB9FE22C646E}.Debug|x64.Build.0 = Debug|x64
		{AB2499C8-EB40-4038-B19A-CB9FE22C646E}.Debug|x86.ActiveCfg = Debug|Win32
		{AB2499C8-EB40-4038-B19A-CB9FE22C646E}.Debug|x86.Build.0 = Debug|Win32
		{AB2499C8-EB40-4038-B19A-CB9FE22C646E}.Release|x64.ActiveCfg = Release|x64
		{AB2499C8-EB40-4038-B19A-CB9FE22C646E}.Release|x64.Build.0 = Release|x64
		{AB2499C8-EB40-4038-B19A-CB9FE22C646E}.Release|x86.ActiveCfg = Release|Win32
		{AB2499C8-EB40-4038-B19A-CB9FE22C646E}.Release|x86.Build.0 = Release|Win32
		{69EB8A59-E749-4ACB-A4A4-26BA5337E9A5}.Debug|x64.ActiveCfg = Debug|x64
		{69EB8A59-E749-4ACB-A4A4-26BA5337E9A5}.Debug|x64.Build.0 = Debug|x64
		{69EB8A59-E749-4ACB-A4A4-26BA5337E9A5}.Debug|x86.ActiveCfg = Debug|Win32
		{69EB8A59-E749-4ACB-A4A4-26BA5337E9A5}.Debug|x86.Build.0 = Debug|Win32
		{69EB8A59-E749-4ACB-A4A4-26BA5337E9A5}.Release|x64.ActiveCfg = Release|x64
		{69EB8A59-E749-4ACB-A4A4-26BA5337E9A5}.Release|x64.Build.0 = Release|x64
		{69EB8A59-E749-4ACB-A4A4-26BA5337E9A5}.Release|x86.ActiveCfg = Release|Win32
		{69EB8A59-E749-4ACB-A4A4-26BA5337E9A5}.Release|x86.Build.0 = Release|Win32
		{B9362A83-3430-4C4D-9B59-10AA7C2CBBC9}.Debug|x64.ActiveCfg = Debug|x64
		{B9362A83-3430-4C4D-9B59-10AA7C2CBBC9}.Debug|x64.Build.0 = Debug|x64
		{B9362A83-3430-4C4D-9B59-10AA7C2CBBC9}.Debug|x86.ActiveCfg = Debug|Win32
		{B9362A83-3430-4C4D-9B59-10AA7C2CBBC9}.Debug|x86.Build.0 = Debug|Win32
		{B9362A83-3430-4C4D-9B59-10AA7C2CBBC9}.Release|x64.ActiveCfg = Release|x64
		{B9362A83-3430-4C4D-9B59-10AA7C2CBBC9}.Release|x64.Build.0 = Release|x64
		{B9362A83-3430-4C4D-9B59-10AA7C2CBBC9}.Release|x86.ActiveCfg = Release|Win32
		{B9362A83-3430-4C4D-9B59-10AA7C2CBBC9}.Release|x86.Build.0 = Release|Win32
		{E2042D20-49C5-4044-978E-4A3B331DAFAA}.Debug|x64.ActiveCfg = Debug|x64
		{E2042D20-49C5-4044-978E-4A3B331DAFAA}.Debug|x64.Build.0 = Debug|x64
		{E2042D20-49C5-4044-978E-4A3B331DAFAA}.Debug|x86.ActiveCfg = Debug|Win32
		{E2042D20-49C5-4044-978E-4A3B331DAFAA}.Debug|x86.Build.0 = Debug|Win32
		{E2042D20-49C5-4044-978E-4A3B331DAFAA}.Release|x64.ActiveCfg = Release|x64
		{E2042D20-49C5-4044-978E-4A3B331DAFAA}.Release|x64.Build.0 = Release|x64
		{E2042D20-49C5-4044-978E-4A3B331DAFAA}.Release|x86.ActiveCfg = Release|Win32
		{E2042D20-49C5-4044-978E-4A3B331DAFAA}.Release|x86.Build.0 = Release|Win32
	EndGlobalSection
	GlobalSection(SolutionProperties) = preSolution
		HideSolutionNode = FALSE
	EndGlobalSection
	GlobalSection(ExtensibilityGlobals) = postSolution
		SolutionGuid = {B02FCD87-CCDE-4F27-B966-45A737A55A0C}
	EndGlobalSection
EndGlobal
