<?xml version="1.0" encoding="utf-8"?>
<Project ToolsVersion="4.0" xmlns="http://schemas.microsoft.com/developer/msbuild/2003">
  <ItemGroup>
    <Filter Include="Source Files">
      <UniqueIdentifier>{4FC737F1-C7A5-4376-A066-2A32D752A2FF}</UniqueIdentifier>
      <Extensions>cpp;c;cc;cxx;def;odl;idl;hpj;bat;asm;asmx</Extensions>
    </Filter>
    <Filter Include="Source Files (x86)">
      <UniqueIdentifier>{f14a25f1-2036-4c93-8239-00520facadcd}</UniqueIdentifier>
      <Extensions>cpp;c;cc;cxx;def;odl;idl;hpj;bat;asm;asmx</Extensions>
    </Filter>
    <Filter Include="Header Files">
      <UniqueIdentifier>{93995380-89BD-4b04-88EB-625FBE52EBFB}</UniqueIdentifier>
      <Extensions>h;hh;hpp;hxx;hm;inl;inc;ipp;xsd</Extensions>
    </Filter>
    <Filter Include="Resource Files">
      <UniqueIdentifier>{67DA6AB6-F800-4c08-8B7A-83BB121AAD01}</UniqueIdentifier>
      <Extensions>rc;ico;cur;bmp;dlg;rc2;rct;bin;rgs;gif;jpg;jpeg;jpe;resx;tiff;tif;png;wav;mfcribbon-ms</Extensions>
    </Filter>
  </ItemGroup>
  <ItemGroup>
    <ClCompile Include="aeval.c">
      <Filter>Source Files</Filter>
    </ClCompile>
    <ClCompile Include="af_acontrast.c">
      <Filter>Source Files</Filter>
    </ClCompile>
    <ClCompile Include="af_acopy.c">
      <Filter>Source Files</Filter>
    </ClCompile>
    <ClCompile Include="af_acrossover.c">
      <Filter>Source Files</Filter>
    </ClCompile>
    <ClCompile Include="af_acrusher.c">
      <Filter>Source Files</Filter>
    </ClCompile>
    <ClCompile Include="af_adeclick.c">
      <Filter>Source Files</Filter>
    </ClCompile>
    <ClCompile Include="af_adelay.c">
      <Filter>Source Files</Filter>
    </ClCompile>
    <ClCompile Include="af_aderivative.c">
      <Filter>Source Files</Filter>
    </ClCompile>
    <ClCompile Include="af_aecho.c">
      <Filter>Source Files</Filter>
    </ClCompile>
    <ClCompile Include="af_aemphasis.c">
      <Filter>Source Files</Filter>
    </ClCompile>
    <ClCompile Include="af_afade.c">
      <Filter>Source Files</Filter>
    </ClCompile>
    <ClCompile Include="af_afftdn.c">
      <Filter>Source Files</Filter>
    </ClCompile>
    <ClCompile Include="af_afftfilt.c">
      <Filter>Source Files</Filter>
    </ClCompile>
    <ClCompile Include="af_afir.c">
      <Filter>Source Files</Filter>
    </ClCompile>
    <ClCompile Include="af_aformat.c">
      <Filter>Source Files</Filter>
    </ClCompile>
    <ClCompile Include="af_agate.c">
      <Filter>Source Files</Filter>
    </ClCompile>
    <ClCompile Include="af_aiir.c">
      <Filter>Source Files</Filter>
    </ClCompile>
    <ClCompile Include="af_alimiter.c">
      <Filter>Source Files</Filter>
    </ClCompile>
    <ClCompile Include="af_amerge.c">
      <Filter>Source Files</Filter>
    </ClCompile>
    <ClCompile Include="af_amix.c">
      <Filter>Source Files</Filter>
    </ClCompile>
    <ClCompile Include="af_amultiply.c">
      <Filter>Source Files</Filter>
    </ClCompile>
    <ClCompile Include="af_anequalizer.c">
      <Filter>Source Files</Filter>
    </ClCompile>
    <ClCompile Include="af_anlmdn.c">
      <Filter>Source Files</Filter>
    </ClCompile>
    <ClCompile Include="af_anull.c">
      <Filter>Source Files</Filter>
    </ClCompile>
    <ClCompile Include="af_apad.c">
      <Filter>Source Files</Filter>
    </ClCompile>
    <ClCompile Include="af_aphaser.c">
      <Filter>Source Files</Filter>
    </ClCompile>
    <ClCompile Include="af_apulsator.c">
      <Filter>Source Files</Filter>
    </ClCompile>
    <ClCompile Include="af_aresample.c">
      <Filter>Source Files</Filter>
    </ClCompile>
    <ClCompile Include="af_asetnsamples.c">
      <Filter>Source Files</Filter>
    </ClCompile>
    <ClCompile Include="af_asetrate.c">
      <Filter>Source Files</Filter>
    </ClCompile>
    <ClCompile Include="af_ashowinfo.c">
      <Filter>Source Files</Filter>
    </ClCompile>
    <ClCompile Include="af_asoftclip.c">
      <Filter>Source Files</Filter>
    </ClCompile>
    <ClCompile Include="af_astats.c">
      <Filter>Source Files</Filter>
    </ClCompile>
    <ClCompile Include="af_atempo.c">
      <Filter>Source Files</Filter>
    </ClCompile>
    <ClCompile Include="af_biquads.c">
      <Filter>Source Files</Filter>
    </ClCompile>
    <ClCompile Include="af_channelmap.c">
      <Filter>Source Files</Filter>
    </ClCompile>
    <ClCompile Include="af_channelsplit.c">
      <Filter>Source Files</Filter>
    </ClCompile>
    <ClCompile Include="af_chorus.c">
      <Filter>Source Files</Filter>
    </ClCompile>
    <ClCompile Include="af_compand.c">
      <Filter>Source Files</Filter>
    </ClCompile>
    <ClCompile Include="af_compensationdelay.c">
      <Filter>Source Files</Filter>
    </ClCompile>
    <ClCompile Include="af_crossfeed.c">
      <Filter>Source Files</Filter>
    </ClCompile>
    <ClCompile Include="af_crystalizer.c">
      <Filter>Source Files</Filter>
    </ClCompile>
    <ClCompile Include="af_dcshift.c">
      <Filter>Source Files</Filter>
    </ClCompile>
    <ClCompile Include="af_deesser.c">
      <Filter>Source Files</Filter>
    </ClCompile>
    <ClCompile Include="af_drmeter.c">
      <Filter>Source Files</Filter>
    </ClCompile>
    <ClCompile Include="af_dynaudnorm.c">
      <Filter>Source Files</Filter>
    </ClCompile>
    <ClCompile Include="af_earwax.c">
      <Filter>Source Files</Filter>
    </ClCompile>
    <ClCompile Include="af_extrastereo.c">
      <Filter>Source Files</Filter>
    </ClCompile>
    <ClCompile Include="af_firequalizer.c">
      <Filter>Source Files</Filter>
    </ClCompile>
    <ClCompile Include="af_flanger.c">
      <Filter>Source Files</Filter>
    </ClCompile>
    <ClCompile Include="af_haas.c">
      <Filter>Source Files</Filter>
    </ClCompile>
    <ClCompile Include="af_hdcd.c">
      <Filter>Source Files</Filter>
    </ClCompile>
    <ClCompile Include="af_headphone.c">
      <Filter>Source Files</Filter>
    </ClCompile>
    <ClCompile Include="af_join.c">
      <Filter>Source Files</Filter>
    </ClCompile>
    <ClCompile Include="af_loudnorm.c">
      <Filter>Source Files</Filter>
    </ClCompile>
    <ClCompile Include="af_mcompand.c">
      <Filter>Source Files</Filter>
    </ClCompile>
    <ClCompile Include="af_pan.c">
      <Filter>Source Files</Filter>
    </ClCompile>
    <ClCompile Include="af_replaygain.c">
      <Filter>Source Files</Filter>
    </ClCompile>
    <ClCompile Include="af_sidechaincompress.c">
      <Filter>Source Files</Filter>
    </ClCompile>
    <ClCompile Include="af_silencedetect.c">
      <Filter>Source Files</Filter>
    </ClCompile>
    <ClCompile Include="af_silenceremove.c">
      <Filter>Source Files</Filter>
    </ClCompile>
    <ClCompile Include="af_stereotools.c">
      <Filter>Source Files</Filter>
    </ClCompile>
    <ClCompile Include="af_stereowiden.c">
      <Filter>Source Files</Filter>
    </ClCompile>
    <ClCompile Include="af_superequalizer.c">
      <Filter>Source Files</Filter>
    </ClCompile>
    <ClCompile Include="af_surround.c">
      <Filter>Source Files</Filter>
    </ClCompile>
    <ClCompile Include="af_tremolo.c">
      <Filter>Source Files</Filter>
    </ClCompile>
    <ClCompile Include="af_vibrato.c">
      <Filter>Source Files</Filter>
    </ClCompile>
    <ClCompile Include="af_volume.c">
      <Filter>Source Files</Filter>
    </ClCompile>
    <ClCompile Include="af_volumedetect.c">
      <Filter>Source Files</Filter>
    </ClCompile>
    <ClCompile Include="allfilters.c">
      <Filter>Source Files</Filter>
    </ClCompile>
    <ClCompile Include="asink_anullsink.c">
      <Filter>Source Files</Filter>
    </ClCompile>
    <ClCompile Include="asrc_anoisesrc.c">
      <Filter>Source Files</Filter>
    </ClCompile>
    <ClCompile Include="asrc_anullsrc.c">
      <Filter>Source Files</Filter>
    </ClCompile>
    <ClCompile Include="asrc_hilbert.c">
      <Filter>Source Files</Filter>
    </ClCompile>
    <ClCompile Include="asrc_sinc.c">
      <Filter>Source Files</Filter>
    </ClCompile>
    <ClCompile Include="asrc_sine.c">
      <Filter>Source Files</Filter>
    </ClCompile>
    <ClCompile Include="audio.c">
      <Filter>Source Files</Filter>
    </ClCompile>
    <ClCompile Include="avf_abitscope.c">
      <Filter>Source Files</Filter>
    </ClCompile>
    <ClCompile Include="avf_ahistogram.c">
      <Filter>Source Files</Filter>
    </ClCompile>
    <ClCompile Include="avf_aphasemeter.c">
      <Filter>Source Files</Filter>
    </ClCompile>
    <ClCompile Include="avf_avectorscope.c">
      <Filter>Source Files</Filter>
    </ClCompile>
    <ClCompile Include="avf_concat.c">
      <Filter>Source Files</Filter>
    </ClCompile>
    <ClCompile Include="avf_showcqt.c">
      <Filter>Source Files</Filter>
    </ClCompile>
    <ClCompile Include="avf_showfreqs.c">
      <Filter>Source Files</Filter>
    </ClCompile>
    <ClCompile Include="avf_showspatial.c">
      <Filter>Source Files</Filter>
    </ClCompile>
    <ClCompile Include="avf_showspectrum.c">
      <Filter>Source Files</Filter>
    </ClCompile>
    <ClCompile Include="avf_showvolume.c">
      <Filter>Source Files</Filter>
    </ClCompile>
    <ClCompile Include="avf_showwaves.c">
      <Filter>Source Files</Filter>
    </ClCompile>
    <ClCompile Include="avfilter.c">
      <Filter>Source Files</Filter>
    </ClCompile>
    <ClCompile Include="avfiltergraph.c">
      <Filter>Source Files</Filter>
    </ClCompile>
    <ClCompile Include="bbox.c">
      <Filter>Source Files</Filter>
    </ClCompile>
    <ClCompile Include="buffersink.c">
      <Filter>Source Files</Filter>
    </ClCompile>
    <ClCompile Include="buffersrc.c">
      <Filter>Source Files</Filter>
    </ClCompile>
    <ClCompile Include="colorspace.c">
      <Filter>Source Files</Filter>
    </ClCompile>
    <ClCompile Include="colorspacedsp.c">
      <Filter>Source Files</Filter>
    </ClCompile>
    <ClCompile Include="dnn_backend_native.c">
      <Filter>Source Files</Filter>
    </ClCompile>
    <ClCompile Include="dnn_interface.c">
      <Filter>Source Files</Filter>
    </ClCompile>
    <ClCompile Include="drawutils.c">
      <Filter>Source Files</Filter>
    </ClCompile>
    <ClCompile Include="ebur128.c">
      <Filter>Source Files</Filter>
    </ClCompile>
    <ClCompile Include="f_bench.c">
      <Filter>Source Files</Filter>
    </ClCompile>
    <ClCompile Include="f_cue.c">
      <Filter>Source Files</Filter>
    </ClCompile>
    <ClCompile Include="f_drawgraph.c">
      <Filter>Source Files</Filter>
    </ClCompile>
    <ClCompile Include="f_ebur128.c">
      <Filter>Source Files</Filter>
    </ClCompile>
    <ClCompile Include="f_graphmonitor.c">
      <Filter>Source Files</Filter>
    </ClCompile>
    <ClCompile Include="f_interleave.c">
      <Filter>Source Files</Filter>
    </ClCompile>
    <ClCompile Include="f_loop.c">
      <Filter>Source Files</Filter>
    </ClCompile>
    <ClCompile Include="f_metadata.c">
      <Filter>Source Files</Filter>
    </ClCompile>
    <ClCompile Include="f_perms.c">
      <Filter>Source Files</Filter>
    </ClCompile>
    <ClCompile Include="f_realtime.c">
      <Filter>Source Files</Filter>
    </ClCompile>
    <ClCompile Include="f_reverse.c">
      <Filter>Source Files</Filter>
    </ClCompile>
    <ClCompile Include="f_select.c">
      <Filter>Source Files</Filter>
    </ClCompile>
    <ClCompile Include="f_sendcmd.c">
      <Filter>Source Files</Filter>
    </ClCompile>
    <ClCompile Include="f_sidedata.c">
      <Filter>Source Files</Filter>
    </ClCompile>
    <ClCompile Include="f_streamselect.c">
      <Filter>Source Files</Filter>
    </ClCompile>
    <ClCompile Include="fifo.c">
      <Filter>Source Files</Filter>
    </ClCompile>
    <ClCompile Include="formats.c">
      <Filter>Source Files</Filter>
    </ClCompile>
    <ClCompile Include="framepool.c">
      <Filter>Source Files</Filter>
    </ClCompile>
    <ClCompile Include="framequeue.c">
      <Filter>Source Files</Filter>
    </ClCompile>
    <ClCompile Include="framesync.c">
      <Filter>Source Files</Filter>
    </ClCompile>
    <ClCompile Include="generate_wave_table.c">
      <Filter>Source Files</Filter>
    </ClCompile>
    <ClCompile Include="graphdump.c">
      <Filter>Source Files</Filter>
    </ClCompile>
    <ClCompile Include="graphparser.c">
      <Filter>Source Files</Filter>
    </ClCompile>
    <ClCompile Include="lavfutils.c">
      <Filter>Source Files</Filter>
    </ClCompile>
    <ClCompile Include="log2_tab.c">
      <Filter>Source Files</Filter>
    </ClCompile>
    <ClCompile Include="lswsutils.c">
      <Filter>Source Files</Filter>
    </ClCompile>
    <ClCompile Include="motion_estimation.c">
      <Filter>Source Files</Filter>
    </ClCompile>
    <ClCompile Include="pthread.c">
      <Filter>Source Files</Filter>
    </ClCompile>
    <ClCompile Include="scale.c">
      <Filter>Source Files</Filter>
    </ClCompile>
    <ClCompile Include="scene_sad.c">
      <Filter>Source Files</Filter>
    </ClCompile>
    <ClCompile Include="setpts.c">
      <Filter>Source Files</Filter>
    </ClCompile>
    <ClCompile Include="settb.c">
      <Filter>Source Files</Filter>
    </ClCompile>
    <ClCompile Include="split.c">
      <Filter>Source Files</Filter>
    </ClCompile>
    <ClCompile Include="src_movie.c">
      <Filter>Source Files</Filter>
    </ClCompile>
    <ClCompile Include="transform.c">
      <Filter>Source Files</Filter>
    </ClCompile>
    <ClCompile Include="trim.c">
      <Filter>Source Files</Filter>
    </ClCompile>
    <ClCompile Include="vaf_spectrumsynth.c">
      <Filter>Source Files</Filter>
    </ClCompile>
    <ClCompile Include="vf_alphamerge.c">
      <Filter>Source Files</Filter>
    </ClCompile>
    <ClCompile Include="vf_amplify.c">
      <Filter>Source Files</Filter>
    </ClCompile>
    <ClCompile Include="vf_aspect.c">
      <Filter>Source Files</Filter>
    </ClCompile>
    <ClCompile Include="vf_atadenoise.c">
      <Filter>Source Files</Filter>
    </ClCompile>
    <ClCompile Include="vf_avgblur.c">
      <Filter>Source Files</Filter>
    </ClCompile>
    <ClCompile Include="vf_bbox.c">
      <Filter>Source Files</Filter>
    </ClCompile>
    <ClCompile Include="vf_bitplanenoise.c">
      <Filter>Source Files</Filter>
    </ClCompile>
    <ClCompile Include="vf_blackdetect.c">
      <Filter>Source Files</Filter>
    </ClCompile>
    <ClCompile Include="vf_blend.c">
      <Filter>Source Files</Filter>
    </ClCompile>
    <ClCompile Include="vf_bm3d.c">
      <Filter>Source Files</Filter>
    </ClCompile>
    <ClCompile Include="vf_bwdif.c">
      <Filter>Source Files</Filter>
    </ClCompile>
    <ClCompile Include="vf_chromakey.c">
      <Filter>Source Files</Filter>
    </ClCompile>
    <ClCompile Include="vf_chromashift.c">
      <Filter>Source Files</Filter>
    </ClCompile>
    <ClCompile Include="vf_ciescope.c">
      <Filter>Source Files</Filter>
    </ClCompile>
    <ClCompile Include="vf_codecview.c">
      <Filter>Source Files</Filter>
    </ClCompile>
    <ClCompile Include="vf_colorbalance.c">
      <Filter>Source Files</Filter>
    </ClCompile>
    <ClCompile Include="vf_colorchannelmixer.c">
      <Filter>Source Files</Filter>
    </ClCompile>
    <ClCompile Include="vf_colorconstancy.c">
      <Filter>Source Files</Filter>
    </ClCompile>
    <ClCompile Include="vf_colorkey.c">
      <Filter>Source Files</Filter>
    </ClCompile>
    <ClCompile Include="vf_colorlevels.c">
      <Filter>Source Files</Filter>
    </ClCompile>
    <ClCompile Include="vf_colorspace.c">
      <Filter>Source Files</Filter>
    </ClCompile>
    <ClCompile Include="vf_convolution.c">
      <Filter>Source Files</Filter>
    </ClCompile>
    <ClCompile Include="vf_convolve.c">
      <Filter>Source Files</Filter>
    </ClCompile>
    <ClCompile Include="vf_copy.c">
      <Filter>Source Files</Filter>
    </ClCompile>
    <ClCompile Include="vf_crop.c">
      <Filter>Source Files</Filter>
    </ClCompile>
    <ClCompile Include="vf_curves.c">
      <Filter>Source Files</Filter>
    </ClCompile>
    <ClCompile Include="vf_datascope.c">
      <Filter>Source Files</Filter>
    </ClCompile>
    <ClCompile Include="vf_dctdnoiz.c">
      <Filter>Source Files</Filter>
    </ClCompile>
    <ClCompile Include="vf_deband.c">
      <Filter>Source Files</Filter>
    </ClCompile>
    <ClCompile Include="vf_deblock.c">
      <Filter>Source Files</Filter>
    </ClCompile>
    <ClCompile Include="vf_decimate.c">
      <Filter>Source Files</Filter>
    </ClCompile>
    <ClCompile Include="vf_dedot.c">
      <Filter>Source Files</Filter>
    </ClCompile>
    <ClCompile Include="vf_deflicker.c">
      <Filter>Source Files</Filter>
    </ClCompile>
    <ClCompile Include="vf_dejudder.c">
      <Filter>Source Files</Filter>
    </ClCompile>
    <ClCompile Include="vf_derain.c">
      <Filter>Source Files</Filter>
    </ClCompile>
    <ClCompile Include="vf_deshake.c">
      <Filter>Source Files</Filter>
    </ClCompile>
    <ClCompile Include="vf_despill.c">
      <Filter>Source Files</Filter>
    </ClCompile>
    <ClCompile Include="vf_detelecine.c">
      <Filter>Source Files</Filter>
    </ClCompile>
    <ClCompile Include="vf_displace.c">
      <Filter>Source Files</Filter>
    </ClCompile>
    <ClCompile Include="vf_drawbox.c">
      <Filter>Source Files</Filter>
    </ClCompile>
    <ClCompile Include="vf_edgedetect.c">
      <Filter>Source Files</Filter>
    </ClCompile>
    <ClCompile Include="vf_elbg.c">
      <Filter>Source Files</Filter>
    </ClCompile>
    <ClCompile Include="vf_entropy.c">
      <Filter>Source Files</Filter>
    </ClCompile>
    <ClCompile Include="vf_extractplanes.c">
      <Filter>Source Files</Filter>
    </ClCompile>
    <ClCompile Include="vf_fade.c">
      <Filter>Source Files</Filter>
    </ClCompile>
    <ClCompile Include="vf_fftdnoiz.c">
      <Filter>Source Files</Filter>
    </ClCompile>
    <ClCompile Include="vf_fftfilt.c">
      <Filter>Source Files</Filter>
    </ClCompile>
    <ClCompile Include="vf_field.c">
      <Filter>Source Files</Filter>
    </ClCompile>
    <ClCompile Include="vf_fieldhint.c">
      <Filter>Source Files</Filter>
    </ClCompile>
    <ClCompile Include="vf_fieldmatch.c">
      <Filter>Source Files</Filter>
    </ClCompile>
    <ClCompile Include="vf_fieldorder.c">
      <Filter>Source Files</Filter>
    </ClCompile>
    <ClCompile Include="vf_fillborders.c">
      <Filter>Source Files</Filter>
    </ClCompile>
    <ClCompile Include="vf_floodfill.c">
      <Filter>Source Files</Filter>
    </ClCompile>
    <ClCompile Include="vf_format.c">
      <Filter>Source Files</Filter>
    </ClCompile>
    <ClCompile Include="vf_fps.c">
      <Filter>Source Files</Filter>
    </ClCompile>
    <ClCompile Include="vf_framepack.c">
      <Filter>Source Files</Filter>
    </ClCompile>
    <ClCompile Include="vf_framerate.c">
      <Filter>Source Files</Filter>
    </ClCompile>
    <ClCompile Include="vf_framestep.c">
      <Filter>Source Files</Filter>
    </ClCompile>
    <ClCompile Include="vf_freezedetect.c">
      <Filter>Source Files</Filter>
    </ClCompile>
    <ClCompile Include="vf_gblur.c">
      <Filter>Source Files</Filter>
    </ClCompile>
    <ClCompile Include="vf_gradfun.c">
      <Filter>Source Files</Filter>
    </ClCompile>
    <ClCompile Include="vf_hflip.c">
      <Filter>Source Files</Filter>
    </ClCompile>
    <ClCompile Include="vf_histogram.c">
      <Filter>Source Files</Filter>
    </ClCompile>
    <ClCompile Include="vf_hqx.c">
      <Filter>Source Files</Filter>
    </ClCompile>
    <ClCompile Include="vf_hue.c">
      <Filter>Source Files</Filter>
    </ClCompile>
    <ClCompile Include="vf_hwdownload.c">
      <Filter>Source Files</Filter>
    </ClCompile>
    <ClCompile Include="vf_hwmap.c">
      <Filter>Source Files</Filter>
    </ClCompile>
    <ClCompile Include="vf_hwupload.c">
      <Filter>Source Files</Filter>
    </ClCompile>
    <ClCompile Include="vf_hysteresis.c">
      <Filter>Source Files</Filter>
    </ClCompile>
    <ClCompile Include="vf_idet.c">
      <Filter>Source Files</Filter>
    </ClCompile>
    <ClCompile Include="vf_il.c">
      <Filter>Source Files</Filter>
    </ClCompile>
    <ClCompile Include="vf_lagfun.c">
      <Filter>Source Files</Filter>
    </ClCompile>
    <ClCompile Include="vf_lenscorrection.c">
      <Filter>Source Files</Filter>
    </ClCompile>
    <ClCompile Include="vf_limiter.c">
      <Filter>Source Files</Filter>
    </ClCompile>
    <ClCompile Include="vf_lumakey.c">
      <Filter>Source Files</Filter>
    </ClCompile>
    <ClCompile Include="vf_lut.c">
      <Filter>Source Files</Filter>
    </ClCompile>
    <ClCompile Include="vf_lut2.c">
      <Filter>Source Files</Filter>
    </ClCompile>
    <ClCompile Include="vf_lut3d.c">
      <Filter>Source Files</Filter>
    </ClCompile>
    <ClCompile Include="vf_maskedclamp.c">
      <Filter>Source Files</Filter>
    </ClCompile>
    <ClCompile Include="vf_maskedmerge.c">
      <Filter>Source Files</Filter>
    </ClCompile>
    <ClCompile Include="vf_maskfun.c">
      <Filter>Source Files</Filter>
    </ClCompile>
    <ClCompile Include="vf_mergeplanes.c">
      <Filter>Source Files</Filter>
    </ClCompile>
    <ClCompile Include="vf_mestimate.c">
      <Filter>Source Files</Filter>
    </ClCompile>
    <ClCompile Include="vf_midequalizer.c">
      <Filter>Source Files</Filter>
    </ClCompile>
    <ClCompile Include="vf_minterpolate.c">
      <Filter>Source Files</Filter>
    </ClCompile>
    <ClCompile Include="vf_mix.c">
      <Filter>Source Files</Filter>
    </ClCompile>
    <ClCompile Include="vf_neighbor.c">
      <Filter>Source Files</Filter>
    </ClCompile>
    <ClCompile Include="vf_nlmeans.c">
      <Filter>Source Files</Filter>
    </ClCompile>
    <ClCompile Include="vf_noise.c">
      <Filter>Source Files</Filter>
    </ClCompile>
    <ClCompile Include="vf_normalize.c">
      <Filter>Source Files</Filter>
    </ClCompile>
    <ClCompile Include="vf_null.c">
      <Filter>Source Files</Filter>
    </ClCompile>
    <ClCompile Include="vf_overlay.c">
      <Filter>Source Files</Filter>
    </ClCompile>
    <ClCompile Include="vf_pad.c">
      <Filter>Source Files</Filter>
    </ClCompile>
    <ClCompile Include="vf_palettegen.c">
      <Filter>Source Files</Filter>
    </ClCompile>
    <ClCompile Include="vf_paletteuse.c">
      <Filter>Source Files</Filter>
    </ClCompile>
    <ClCompile Include="vf_pixdesctest.c">
      <Filter>Source Files</Filter>
    </ClCompile>
    <ClCompile Include="vf_premultiply.c">
      <Filter>Source Files</Filter>
    </ClCompile>
    <ClCompile Include="vf_pseudocolor.c">
      <Filter>Source Files</Filter>
    </ClCompile>
    <ClCompile Include="vf_psnr.c">
      <Filter>Source Files</Filter>
    </ClCompile>
    <ClCompile Include="vf_qp.c">
      <Filter>Source Files</Filter>
    </ClCompile>
    <ClCompile Include="vf_random.c">
      <Filter>Source Files</Filter>
    </ClCompile>
    <ClCompile Include="vf_readeia608.c">
      <Filter>Source Files</Filter>
    </ClCompile>
    <ClCompile Include="vf_readvitc.c">
      <Filter>Source Files</Filter>
    </ClCompile>
    <ClCompile Include="vf_remap.c">
      <Filter>Source Files</Filter>
    </ClCompile>
    <ClCompile Include="vf_removegrain.c">
      <Filter>Source Files</Filter>
    </ClCompile>
    <ClCompile Include="vf_removelogo.c">
      <Filter>Source Files</Filter>
    </ClCompile>
    <ClCompile Include="vf_rotate.c">
      <Filter>Source Files</Filter>
    </ClCompile>
    <ClCompile Include="vf_scale.c">
      <Filter>Source Files</Filter>
    </ClCompile>
    <ClCompile Include="vf_selectivecolor.c">
      <Filter>Source Files</Filter>
    </ClCompile>
    <ClCompile Include="vf_separatefields.c">
      <Filter>Source Files</Filter>
    </ClCompile>
    <ClCompile Include="vf_setparams.c">
      <Filter>Source Files</Filter>
    </ClCompile>
    <ClCompile Include="vf_showinfo.c">
      <Filter>Source Files</Filter>
    </ClCompile>
    <ClCompile Include="vf_showpalette.c">
      <Filter>Source Files</Filter>
    </ClCompile>
    <ClCompile Include="vf_shuffleframes.c">
      <Filter>Source Files</Filter>
    </ClCompile>
    <ClCompile Include="vf_shuffleplanes.c">
      <Filter>Source Files</Filter>
    </ClCompile>
    <ClCompile Include="vf_signalstats.c">
      <Filter>Source Files</Filter>
    </ClCompile>
    <ClCompile Include="vf_sr.c">
      <Filter>Source Files</Filter>
    </ClCompile>
    <ClCompile Include="vf_ssim.c">
      <Filter>Source Files</Filter>
    </ClCompile>
    <ClCompile Include="vf_stack.c">
      <Filter>Source Files</Filter>
    </ClCompile>
    <ClCompile Include="vf_swaprect.c">
      <Filter>Source Files</Filter>
    </ClCompile>
    <ClCompile Include="vf_swapuv.c">
      <Filter>Source Files</Filter>
    </ClCompile>
    <ClCompile Include="vf_telecine.c">
      <Filter>Source Files</Filter>
    </ClCompile>
    <ClCompile Include="vf_threshold.c">
      <Filter>Source Files</Filter>
    </ClCompile>
    <ClCompile Include="vf_thumbnail.c">
      <Filter>Source Files</Filter>
    </ClCompile>
    <ClCompile Include="vf_tile.c">
      <Filter>Source Files</Filter>
    </ClCompile>
    <ClCompile Include="vf_tonemap.c">
      <Filter>Source Files</Filter>
    </ClCompile>
    <ClCompile Include="vf_tpad.c">
      <Filter>Source Files</Filter>
    </ClCompile>
    <ClCompile Include="vf_transpose.c">
      <Filter>Source Files</Filter>
    </ClCompile>
    <ClCompile Include="vf_unsharp.c">
      <Filter>Source Files</Filter>
    </ClCompile>
    <ClCompile Include="vf_vectorscope.c">
      <Filter>Source Files</Filter>
    </ClCompile>
    <ClCompile Include="vf_vflip.c">
      <Filter>Source Files</Filter>
    </ClCompile>
    <ClCompile Include="vf_vfrdet.c">
      <Filter>Source Files</Filter>
    </ClCompile>
    <ClCompile Include="vf_vibrance.c">
      <Filter>Source Files</Filter>
    </ClCompile>
    <ClCompile Include="vf_vignette.c">
      <Filter>Source Files</Filter>
    </ClCompile>
    <ClCompile Include="vf_vmafmotion.c">
      <Filter>Source Files</Filter>
    </ClCompile>
    <ClCompile Include="vf_w3fdif.c">
      <Filter>Source Files</Filter>
    </ClCompile>
    <ClCompile Include="vf_waveform.c">
      <Filter>Source Files</Filter>
    </ClCompile>
    <ClCompile Include="vf_weave.c">
      <Filter>Source Files</Filter>
    </ClCompile>
    <ClCompile Include="vf_xbr.c">
      <Filter>Source Files</Filter>
    </ClCompile>
    <ClCompile Include="vf_xmedian.c">
      <Filter>Source Files</Filter>
    </ClCompile>
    <ClCompile Include="vf_yadif.c">
      <Filter>Source Files</Filter>
    </ClCompile>
    <ClCompile Include="vf_zoompan.c">
      <Filter>Source Files</Filter>
    </ClCompile>
    <ClCompile Include="video.c">
      <Filter>Source Files</Filter>
    </ClCompile>
    <ClCompile Include="vsink_nullsink.c">
      <Filter>Source Files</Filter>
    </ClCompile>
    <ClCompile Include="vsrc_cellauto.c">
      <Filter>Source Files</Filter>
    </ClCompile>
    <ClCompile Include="vsrc_life.c">
      <Filter>Source Files</Filter>
    </ClCompile>
    <ClCompile Include="vsrc_mandelbrot.c">
      <Filter>Source Files</Filter>
    </ClCompile>
    <ClCompile Include="vsrc_testsrc.c">
      <Filter>Source Files</Filter>
    </ClCompile>
    <ClCompile Include="yadif_common.c">
      <Filter>Source Files</Filter>
    </ClCompile>
    <ClCompile Include="x86\x86_dummy.c">
      <Filter>Source Files %28x86%29</Filter>
    </ClCompile>
  </ItemGroup>
  <ItemGroup>
    <ClCompile Include="x86\af_afir_init.c">
      <Filter>Source Files (x86)</Filter>
    </ClCompile>
    <ClCompile Include="x86\af_anlmdn_init.c">
      <Filter>Source Files (x86)</Filter>
    </ClCompile>
    <ClCompile Include="x86\af_volume_init.c">
      <Filter>Source Files (x86)</Filter>
    </ClCompile>
    <ClCompile Include="x86\avf_showcqt_init.c">
      <Filter>Source Files (x86)</Filter>
    </ClCompile>
    <ClCompile Include="x86\colorspacedsp_init.c">
      <Filter>Source Files (x86)</Filter>
    </ClCompile>
    <ClCompile Include="x86\scene_sad_init.c">
      <Filter>Source Files (x86)</Filter>
    </ClCompile>
    <ClCompile Include="x86\vf_blend_init.c">
      <Filter>Source Files (x86)</Filter>
    </ClCompile>
    <ClCompile Include="x86\vf_bwdif_init.c">
      <Filter>Source Files (x86)</Filter>
    </ClCompile>
    <ClCompile Include="x86\vf_framerate_init.c">
      <Filter>Source Files (x86)</Filter>
    </ClCompile>
    <ClCompile Include="x86\vf_gblur_init.c">
      <Filter>Source Files (x86)</Filter>
    </ClCompile>
    <ClCompile Include="x86\vf_gradfun_init.c">
      <Filter>Source Files (x86)</Filter>
    </ClCompile>
    <ClCompile Include="x86\vf_hflip_init.c">
      <Filter>Source Files (x86)</Filter>
    </ClCompile>
    <ClCompile Include="x86\vf_idet_init.c">
      <Filter>Source Files (x86)</Filter>
    </ClCompile>
    <ClCompile Include="x86\vf_limiter_init.c">
      <Filter>Source Files (x86)</Filter>
    </ClCompile>
    <ClCompile Include="x86\vf_maskedmerge_init.c">
      <Filter>Source Files (x86)</Filter>
    </ClCompile>
    <ClCompile Include="x86\vf_noise.c">
      <Filter>Source Files (x86)</Filter>
    </ClCompile>
    <ClCompile Include="x86\vf_overlay_init.c">
      <Filter>Source Files (x86)</Filter>
    </ClCompile>
    <ClCompile Include="x86\vf_psnr_init.c">
      <Filter>Source Files (x86)</Filter>
    </ClCompile>
    <ClCompile Include="x86\vf_removegrain_init.c">
      <Filter>Source Files (x86)</Filter>
    </ClCompile>
    <ClCompile Include="x86\vf_ssim_init.c">
      <Filter>Source Files (x86)</Filter>
    </ClCompile>
    <ClCompile Include="x86\vf_threshold_init.c">
      <Filter>Source Files (x86)</Filter>
    </ClCompile>
    <ClCompile Include="x86\vf_w3fdif_init.c">
      <Filter>Source Files (x86)</Filter>
    </ClCompile>
    <ClCompile Include="x86\vf_yadif_init.c">
      <Filter>Source Files (x86)</Filter>
    </ClCompile>
  </ItemGroup>
  <ItemGroup>
    <YASM Include="x86\af_afir.asm">
      <Filter>Source Files (x86)</Filter>
    </YASM>
    <YASM Include="x86\af_anlmdn.asm">
      <Filter>Source Files (x86)</Filter>
    </YASM>
    <YASM Include="x86\af_volume.asm">
      <Filter>Source Files (x86)</Filter>
    </YASM>
    <YASM Include="x86\avf_showcqt.asm">
      <Filter>Source Files (x86)</Filter>
    </YASM>
    <YASM Include="x86\colorspacedsp.asm">
      <Filter>Source Files (x86)</Filter>
    </YASM>
    <YASM Include="x86\scene_sad.asm">
      <Filter>Source Files (x86)</Filter>
    </YASM>
    <YASM Include="x86\vf_blend.asm">
      <Filter>Source Files (x86)</Filter>
    </YASM>
    <YASM Include="x86\vf_bwdif.asm">
      <Filter>Source Files (x86)</Filter>
    </YASM>
    <YASM Include="x86\vf_framerate.asm">
      <Filter>Source Files (x86)</Filter>
    </YASM>
    <YASM Include="x86\vf_gblur.asm">
      <Filter>Source Files (x86)</Filter>
    </YASM>
    <YASM Include="x86\vf_gradfun.asm">
      <Filter>Source Files (x86)</Filter>
    </YASM>
    <YASM Include="x86\vf_hflip.asm">
      <Filter>Source Files (x86)</Filter>
    </YASM>
    <YASM Include="x86\vf_idet.asm">
      <Filter>Source Files (x86)</Filter>
    </YASM>
    <YASM Include="x86\vf_limiter.asm">
      <Filter>Source Files (x86)</Filter>
    </YASM>
    <YASM Include="x86\vf_maskedmerge.asm">
      <Filter>Source Files (x86)</Filter>
    </YASM>
    <YASM Include="x86\vf_overlay.asm">
      <Filter>Source Files (x86)</Filter>
    </YASM>
    <YASM Include="x86\vf_psnr.asm">
      <Filter>Source Files (x86)</Filter>
    </YASM>
    <YASM Include="x86\vf_ssim.asm">
      <Filter>Source Files (x86)</Filter>
    </YASM>
    <YASM Include="x86\vf_threshold.asm">
      <Filter>Source Files (x86)</Filter>
    </YASM>
    <YASM Include="x86\vf_w3fdif.asm">
      <Filter>Source Files (x86)</Filter>
    </YASM>
    <YASM Include="x86\vf_yadif.asm">
      <Filter>Source Files (x86)</Filter>
    </YASM>
    <YASM Include="x86\yadif-10.asm">
      <Filter>Source Files (x86)</Filter>
    </YASM>
    <YASM Include="x86\yadif-16.asm">
      <Filter>Source Files (x86)</Filter>
    </YASM>
  </ItemGroup>
  <ItemGroup>
    <ClInclude Include="af_afir.h">
      <Filter>Header Files</Filter>
    </ClInclude>
    <ClInclude Include="af_anlmdndsp.h">
      <Filter>Header Files</Filter>
    </ClInclude>
    <ClInclude Include="af_volume.h">
      <Filter>Header Files</Filter>
    </ClInclude>
    <ClInclude Include="audio.h">
      <Filter>Header Files</Filter>
    </ClInclude>
    <ClInclude Include="avf_showcqt.h">
      <Filter>Header Files</Filter>
    </ClInclude>
    <ClInclude Include="avfilter.h">
      <Filter>Header Files</Filter>
    </ClInclude>
    <ClInclude Include="bbox.h">
      <Filter>Header Files</Filter>
    </ClInclude>
    <ClInclude Include="blend.h">
      <Filter>Header Files</Filter>
    </ClInclude>
    <ClInclude Include="boxblur.h">
      <Filter>Header Files</Filter>
    </ClInclude>
    <ClInclude Include="bufferqueue.h">
      <Filter>Header Files</Filter>
    </ClInclude>
    <ClInclude Include="buffersink.h">
      <Filter>Header Files</Filter>
    </ClInclude>
    <ClInclude Include="buffersrc.h">
      <Filter>Header Files</Filter>
    </ClInclude>
    <ClInclude Include="bwdif.h">
      <Filter>Header Files</Filter>
    </ClInclude>
    <ClInclude Include="colorspace.h">
      <Filter>Header Files</Filter>
    </ClInclude>
    <ClInclude Include="colorspacedsp.h">
      <Filter>Header Files</Filter>
    </ClInclude>
    <ClInclude Include="deshake.h">
      <Filter>Header Files</Filter>
    </ClInclude>
    <ClInclude Include="dnn_backend_native.h">
      <Filter>Header Files</Filter>
    </ClInclude>
    <ClInclude Include="dnn_backend_tf.h">
      <Filter>Header Files</Filter>
    </ClInclude>
    <ClInclude Include="dnn_interface.h">
      <Filter>Header Files</Filter>
    </ClInclude>
    <ClInclude Include="drawutils.h">
      <Filter>Header Files</Filter>
    </ClInclude>
    <ClInclude Include="ebur128.h">
      <Filter>Header Files</Filter>
    </ClInclude>
    <ClInclude Include="filters.h">
      <Filter>Header Files</Filter>
    </ClInclude>
    <ClInclude Include="formats.h">
      <Filter>Header Files</Filter>
    </ClInclude>
    <ClInclude Include="framepool.h">
      <Filter>Header Files</Filter>
    </ClInclude>
    <ClInclude Include="framequeue.h">
      <Filter>Header Files</Filter>
    </ClInclude>
    <ClInclude Include="framerate.h">
      <Filter>Header Files</Filter>
    </ClInclude>
    <ClInclude Include="framesync.h">
      <Filter>Header Files</Filter>
    </ClInclude>
    <ClInclude Include="gblur.h">
      <Filter>Header Files</Filter>
    </ClInclude>
    <ClInclude Include="generate_wave_table.h">
      <Filter>Header Files</Filter>
    </ClInclude>
    <ClInclude Include="gradfun.h">
      <Filter>Header Files</Filter>
    </ClInclude>
    <ClInclude Include="hermite.h">
      <Filter>Header Files</Filter>
    </ClInclude>
    <ClInclude Include="hflip.h">
      <Filter>Header Files</Filter>
    </ClInclude>
    <ClInclude Include="internal.h">
      <Filter>Header Files</Filter>
    </ClInclude>
    <ClInclude Include="lavfutils.h">
      <Filter>Header Files</Filter>
    </ClInclude>
    <ClInclude Include="limiter.h">
      <Filter>Header Files</Filter>
    </ClInclude>
    <ClInclude Include="lswsutils.h">
      <Filter>Header Files</Filter>
    </ClInclude>
    <ClInclude Include="maskedmerge.h">
      <Filter>Header Files</Filter>
    </ClInclude>
    <ClInclude Include="motion_estimation.h">
      <Filter>Header Files</Filter>
    </ClInclude>
    <ClInclude Include="opencl.h">
      <Filter>Header Files</Filter>
    </ClInclude>
    <ClInclude Include="opencl_source.h">
      <Filter>Header Files</Filter>
    </ClInclude>
    <ClInclude Include="psnr.h">
      <Filter>Header Files</Filter>
    </ClInclude>
    <ClInclude Include="qsvvpp.h">
      <Filter>Header Files</Filter>
    </ClInclude>
    <ClInclude Include="removegrain.h">
      <Filter>Header Files</Filter>
    </ClInclude>
    <ClInclude Include="scale.h">
      <Filter>Header Files</Filter>
    </ClInclude>
    <ClInclude Include="scene_sad.h">
      <Filter>Header Files</Filter>
    </ClInclude>
    <ClInclude Include="signature.h">
      <Filter>Header Files</Filter>
    </ClInclude>
    <ClInclude Include="ssim.h">
      <Filter>Header Files</Filter>
    </ClInclude>
    <ClInclude Include="stereo3d.h">
      <Filter>Header Files</Filter>
    </ClInclude>
    <ClInclude Include="thread.h">
      <Filter>Header Files</Filter>
    </ClInclude>
    <ClInclude Include="threshold.h">
      <Filter>Header Files</Filter>
    </ClInclude>
    <ClInclude Include="tinterlace.h">
      <Filter>Header Files</Filter>
    </ClInclude>
    <ClInclude Include="transform.h">
      <Filter>Header Files</Filter>
    </ClInclude>
    <ClInclude Include="transpose.h">
      <Filter>Header Files</Filter>
    </ClInclude>
    <ClInclude Include="unsharp.h">
      <Filter>Header Files</Filter>
    </ClInclude>
    <ClInclude Include="vaapi_vpp.h">
      <Filter>Header Files</Filter>
    </ClInclude>
    <ClInclude Include="version.h">
      <Filter>Header Files</Filter>
    </ClInclude>
    <ClInclude Include="vf_eq.h">
      <Filter>Header Files</Filter>
    </ClInclude>
    <ClInclude Include="vf_fspp.h">
      <Filter>Header Files</Filter>
    </ClInclude>
    <ClInclude Include="vf_hqdn3d.h">
      <Filter>Header Files</Filter>
    </ClInclude>
    <ClInclude Include="vf_idet.h">
      <Filter>Header Files</Filter>
    </ClInclude>
    <ClInclude Include="vf_nlmeans.h">
      <Filter>Header Files</Filter>
    </ClInclude>
    <ClInclude Include="vf_noise.h">
      <Filter>Header Files</Filter>
    </ClInclude>
    <ClInclude Include="vf_overlay.h">
      <Filter>Header Files</Filter>
    </ClInclude>
    <ClInclude Include="vf_pp7.h">
      <Filter>Header Files</Filter>
    </ClInclude>
    <ClInclude Include="vf_pullup.h">
      <Filter>Header Files</Filter>
    </ClInclude>
    <ClInclude Include="vf_spp.h">
      <Filter>Header Files</Filter>
    </ClInclude>
    <ClInclude Include="video.h">
      <Filter>Header Files</Filter>
    </ClInclude>
    <ClInclude Include="vidstabutils.h">
      <Filter>Header Files</Filter>
    </ClInclude>
    <ClInclude Include="vmaf_motion.h">
      <Filter>Header Files</Filter>
    </ClInclude>
    <ClInclude Include="w3fdif.h">
      <Filter>Header Files</Filter>
    </ClInclude>
    <ClInclude Include="window_func.h">
      <Filter>Header Files</Filter>
    </ClInclude>
    <ClInclude Include="yadif.h">
      <Filter>Header Files</Filter>
    </ClInclude>
  </ItemGroup>
</Project>